
Microsoft Visual Studio Solution File, Format Version 12.00
# Visual Studio Version 16
VisualStudioVersion = 16.0.30011.22
MinimumVisualStudioVersion = 10.0.40219.1
Project("{9A19103F-16F7-4668-BE54-9A1E7A4F7556}") = "Entities", "Entities\Entities.csproj", "{1F008B62-D0DF-49EE-B82F-61CCFC02BDA1}"
EndProject
Project("{9A19103F-16F7-4668-BE54-9A1E7A4F7556}") = "SenecEntitesAdapter", "SenecEntitesAdapter\SenecEntitesAdapter.csproj", "{3067FCAC-C0C7-4989-B07F-7A4B18239E36}"
EndProject
Project("{9A19103F-16F7-4668-BE54-9A1E7A4F7556}") = "Repository", "Repository\Repository.csproj", "{051CD5E4-6193-4FF4-87CE-73980D62C7F0}"
EndProject
Project("{9A19103F-16F7-4668-BE54-9A1E7A4F7556}") = "SenecSource", "SenecSource\SenecSource.csproj", "{6A8205A6-8DB4-44F2-AEAE-941B054D8735}"
EndProject
Project("{9A19103F-16F7-4668-BE54-9A1E7A4F7556}") = "Shared", "Shared\Shared.csproj", "{B28213E8-1B55-42C1-86FA-F100D6C9BB96}"
EndProject
Project("{9A19103F-16F7-4668-BE54-9A1E7A4F7556}") = "SenecEntities", "SenecEntities\SenecEntities.csproj", "{77AF8E8A-6187-47EF-A8D8-7E2F4494673C}"
EndProject
Project("{9A19103F-16F7-4668-BE54-9A1E7A4F7556}") = "Test", "Test\Test.csproj", "{8D3FB071-67C6-4768-ADE1-DE9A29D269F7}"
EndProject
Project("{9A19103F-16F7-4668-BE54-9A1E7A4F7556}") = "Repository.Model", "Repository.Model\Repository.Model.csproj", "{A9175441-436D-4FC6-8723-6D42FA3911DE}"
EndProject
Project("{9A19103F-16F7-4668-BE54-9A1E7A4F7556}") = "ReadRepository.Cosmos", "ReadRepository.Cosmos\ReadRepository.Cosmos.csproj", "{E2C8A709-E506-4CCD-9374-8AA767587F1F}"
EndProject
Project("{9A19103F-16F7-4668-BE54-9A1E7A4F7556}") = "ReadRepository.EFCore", "ReadRepository.EFCore\ReadRepository.EFCore.csproj", "{BF57BD54-4367-40DA-A89A-EF48D82ABDCC}"
EndProject
Project("{9A19103F-16F7-4668-BE54-9A1E7A4F7556}") = "ReadRepository.ReadModel", "ReadRepository.ReadModel\ReadRepository.ReadModel.csproj", "{932C77D2-A24D-4983-A0B3-60B2C106D1B4}"
EndProject
Project("{9A19103F-16F7-4668-BE54-9A1E7A4F7556}") = "LocalPublisher.Domain", "LocalPublisher.Domain\LocalPublisher.Domain.csproj", "{23FAA132-2654-4C7C-92C6-469BE08E8691}"
EndProject
Project("{FAE04EC0-301F-11D3-BF4B-00C04F79EFBC}") = "LocalPublisher.Framework", "LocalPublisher.Framework\LocalPublisher.Framework.csproj", "{B7E6FF28-EFD6-451B-98FB-B1DD09F47927}"
EndProject
Project("{9A19103F-16F7-4668-BE54-9A1E7A4F7556}") = "LocalPublisher.WebApp", "LocalPublisher.WebApp\LocalPublisher.WebApp.csproj", "{D06F6115-4852-40D0-A6CF-A70578DB46AD}"
EndProject
Project("{9A19103F-16F7-4668-BE54-9A1E7A4F7556}") = "Cloud.WebApp", "Cloud.WebApp\Cloud.WebApp.csproj", "{6D0C7A86-BED8-48D0-BAA0-B86210FD30FE}"
EndProject
Project("{9A19103F-16F7-4668-BE54-9A1E7A4F7556}") = "Cloud.Domain", "Cloud.Domain\Cloud.Domain.csproj", "{62F5B085-7104-444C-A467-8A9CAAEA6092}"
EndProject
Project("{9A19103F-16F7-4668-BE54-9A1E7A4F7556}") = "Cloud.Test", "Cloud.Test\Cloud.Test.csproj", "{1680405D-52FB-445C-B4A2-4867D3C59C74}"
EndProject
Project("{2150E333-8FDC-42A3-9474-1A3956D46DE8}") = "Solution Items", "Solution Items", "{663D581F-659F-4370-B9C0-2A5783E6B4D6}"
	ProjectSection(SolutionItems) = preProject
		README.md = README.md
	EndProjectSection
EndProject
Global
	GlobalSection(SolutionConfigurationPlatforms) = preSolution
		Debug|Any CPU = Debug|Any CPU
		Release|Any CPU = Release|Any CPU
	EndGlobalSection
	GlobalSection(ProjectConfigurationPlatforms) = postSolution
		{1F008B62-D0DF-49EE-B82F-61CCFC02BDA1}.Debug|Any CPU.ActiveCfg = Debug|Any CPU
		{1F008B62-D0DF-49EE-B82F-61CCFC02BDA1}.Debug|Any CPU.Build.0 = Debug|Any CPU
		{1F008B62-D0DF-49EE-B82F-61CCFC02BDA1}.Release|Any CPU.ActiveCfg = Release|Any CPU
		{1F008B62-D0DF-49EE-B82F-61CCFC02BDA1}.Release|Any CPU.Build.0 = Release|Any CPU
		{3067FCAC-C0C7-4989-B07F-7A4B18239E36}.Debug|Any CPU.ActiveCfg = Debug|Any CPU
		{3067FCAC-C0C7-4989-B07F-7A4B18239E36}.Debug|Any CPU.Build.0 = Debug|Any CPU
		{3067FCAC-C0C7-4989-B07F-7A4B18239E36}.Release|Any CPU.ActiveCfg = Release|Any CPU
		{3067FCAC-C0C7-4989-B07F-7A4B18239E36}.Release|Any CPU.Build.0 = Release|Any CPU
		{051CD5E4-6193-4FF4-87CE-73980D62C7F0}.Debug|Any CPU.ActiveCfg = Debug|Any CPU
		{051CD5E4-6193-4FF4-87CE-73980D62C7F0}.Debug|Any CPU.Build.0 = Debug|Any CPU
		{051CD5E4-6193-4FF4-87CE-73980D62C7F0}.Release|Any CPU.ActiveCfg = Release|Any CPU
		{051CD5E4-6193-4FF4-87CE-73980D62C7F0}.Release|Any CPU.Build.0 = Release|Any CPU
		{6A8205A6-8DB4-44F2-AEAE-941B054D8735}.Debug|Any CPU.ActiveCfg = Debug|Any CPU
		{6A8205A6-8DB4-44F2-AEAE-941B054D8735}.Debug|Any CPU.Build.0 = Debug|Any CPU
		{6A8205A6-8DB4-44F2-AEAE-941B054D8735}.Release|Any CPU.ActiveCfg = Release|Any CPU
		{6A8205A6-8DB4-44F2-AEAE-941B054D8735}.Release|Any CPU.Build.0 = Release|Any CPU
		{B28213E8-1B55-42C1-86FA-F100D6C9BB96}.Debug|Any CPU.ActiveCfg = Debug|Any CPU
		{B28213E8-1B55-42C1-86FA-F100D6C9BB96}.Debug|Any CPU.Build.0 = Debug|Any CPU
		{B28213E8-1B55-42C1-86FA-F100D6C9BB96}.Release|Any CPU.ActiveCfg = Release|Any CPU
		{B28213E8-1B55-42C1-86FA-F100D6C9BB96}.Release|Any CPU.Build.0 = Release|Any CPU
		{77AF8E8A-6187-47EF-A8D8-7E2F4494673C}.Debug|Any CPU.ActiveCfg = Debug|Any CPU
		{77AF8E8A-6187-47EF-A8D8-7E2F4494673C}.Debug|Any CPU.Build.0 = Debug|Any CPU
		{77AF8E8A-6187-47EF-A8D8-7E2F4494673C}.Release|Any CPU.ActiveCfg = Release|Any CPU
		{77AF8E8A-6187-47EF-A8D8-7E2F4494673C}.Release|Any CPU.Build.0 = Release|Any CPU
		{8D3FB071-67C6-4768-ADE1-DE9A29D269F7}.Debug|Any CPU.ActiveCfg = Debug|Any CPU
		{8D3FB071-67C6-4768-ADE1-DE9A29D269F7}.Debug|Any CPU.Build.0 = Debug|Any CPU
		{8D3FB071-67C6-4768-ADE1-DE9A29D269F7}.Release|Any CPU.ActiveCfg = Release|Any CPU
		{8D3FB071-67C6-4768-ADE1-DE9A29D269F7}.Release|Any CPU.Build.0 = Release|Any CPU
		{A9175441-436D-4FC6-8723-6D42FA3911DE}.Debug|Any CPU.ActiveCfg = Debug|Any CPU
		{A9175441-436D-4FC6-8723-6D42FA3911DE}.Debug|Any CPU.Build.0 = Debug|Any CPU
		{A9175441-436D-4FC6-8723-6D42FA3911DE}.Release|Any CPU.ActiveCfg = Release|Any CPU
		{A9175441-436D-4FC6-8723-6D42FA3911DE}.Release|Any CPU.Build.0 = Release|Any CPU
		{E2C8A709-E506-4CCD-9374-8AA767587F1F}.Debug|Any CPU.ActiveCfg = Debug|Any CPU
		{E2C8A709-E506-4CCD-9374-8AA767587F1F}.Debug|Any CPU.Build.0 = Debug|Any CPU
		{E2C8A709-E506-4CCD-9374-8AA767587F1F}.Release|Any CPU.ActiveCfg = Release|Any CPU
		{E2C8A709-E506-4CCD-9374-8AA767587F1F}.Release|Any CPU.Build.0 = Release|Any CPU
		{BF57BD54-4367-40DA-A89A-EF48D82ABDCC}.Debug|Any CPU.ActiveCfg = Debug|Any CPU
		{BF57BD54-4367-40DA-A89A-EF48D82ABDCC}.Debug|Any CPU.Build.0 = Debug|Any CPU
		{BF57BD54-4367-40DA-A89A-EF48D82ABDCC}.Release|Any CPU.ActiveCfg = Release|Any CPU
		{BF57BD54-4367-40DA-A89A-EF48D82ABDCC}.Release|Any CPU.Build.0 = Release|Any CPU
		{932C77D2-A24D-4983-A0B3-60B2C106D1B4}.Debug|Any CPU.ActiveCfg = Debug|Any CPU
		{932C77D2-A24D-4983-A0B3-60B2C106D1B4}.Debug|Any CPU.Build.0 = Debug|Any CPU
		{932C77D2-A24D-4983-A0B3-60B2C106D1B4}.Release|Any CPU.ActiveCfg = Release|Any CPU
		{932C77D2-A24D-4983-A0B3-60B2C106D1B4}.Release|Any CPU.Build.0 = Release|Any CPU
		{23FAA132-2654-4C7C-92C6-469BE08E8691}.Debug|Any CPU.ActiveCfg = Debug|Any CPU
		{23FAA132-2654-4C7C-92C6-469BE08E8691}.Debug|Any CPU.Build.0 = Debug|Any CPU
		{23FAA132-2654-4C7C-92C6-469BE08E8691}.Release|Any CPU.ActiveCfg = Release|Any CPU
		{23FAA132-2654-4C7C-92C6-469BE08E8691}.Release|Any CPU.Build.0 = Release|Any CPU
		{B7E6FF28-EFD6-451B-98FB-B1DD09F47927}.Debug|Any CPU.ActiveCfg = Debug|Any CPU
		{B7E6FF28-EFD6-451B-98FB-B1DD09F47927}.Debug|Any CPU.Build.0 = Debug|Any CPU
		{B7E6FF28-EFD6-451B-98FB-B1DD09F47927}.Release|Any CPU.ActiveCfg = Release|Any CPU
		{B7E6FF28-EFD6-451B-98FB-B1DD09F47927}.Release|Any CPU.Build.0 = Release|Any CPU
		{D06F6115-4852-40D0-A6CF-A70578DB46AD}.Debug|Any CPU.ActiveCfg = Debug|Any CPU
		{D06F6115-4852-40D0-A6CF-A70578DB46AD}.Debug|Any CPU.Build.0 = Debug|Any CPU
		{D06F6115-4852-40D0-A6CF-A70578DB46AD}.Release|Any CPU.ActiveCfg = Release|Any CPU
		{D06F6115-4852-40D0-A6CF-A70578DB46AD}.Release|Any CPU.Build.0 = Release|Any CPU
		{6D0C7A86-BED8-48D0-BAA0-B86210FD30FE}.Debug|Any CPU.ActiveCfg = Debug|Any CPU
		{6D0C7A86-BED8-48D0-BAA0-B86210FD30FE}.Debug|Any CPU.Build.0 = Debug|Any CPU
		{6D0C7A86-BED8-48D0-BAA0-B86210FD30FE}.Release|Any CPU.ActiveCfg = Release|Any CPU
		{6D0C7A86-BED8-48D0-BAA0-B86210FD30FE}.Release|Any CPU.Build.0 = Release|Any CPU
		{62F5B085-7104-444C-A467-8A9CAAEA6092}.Debug|Any CPU.ActiveCfg = Debug|Any CPU
		{62F5B085-7104-444C-A467-8A9CAAEA6092}.Debug|Any CPU.Build.0 = Debug|Any CPU
		{62F5B085-7104-444C-A467-8A9CAAEA6092}.Release|Any CPU.ActiveCfg = Release|Any CPU
		{62F5B085-7104-444C-A467-8A9CAAEA6092}.Release|Any CPU.Build.0 = Release|Any CPU
		{1680405D-52FB-445C-B4A2-4867D3C59C74}.Debug|Any CPU.ActiveCfg = Debug|Any CPU
		{1680405D-52FB-445C-B4A2-4867D3C59C74}.Debug|Any CPU.Build.0 = Debug|Any CPU
		{1680405D-52FB-445C-B4A2-4867D3C59C74}.Release|Any CPU.ActiveCfg = Release|Any CPU
		{1680405D-52FB-445C-B4A2-4867D3C59C74}.Release|Any CPU.Build.0 = Release|Any CPU
	EndGlobalSection
	GlobalSection(SolutionProperties) = preSolution
		HideSolutionNode = FALSE
	EndGlobalSection
	GlobalSection(ExtensibilityGlobals) = postSolution
		SolutionGuid = {98D078DC-703B-4B45-8C48-A278B3E1B900}
	EndGlobalSection
EndGlobal
