{
  "version": 1,
  "dependencies": {
    ".NETStandard,Version=v2.0": {
      "NETStandard.Library": {
        "type": "Direct",
        "requested": "[2.0.3, )",
        "resolved": "2.0.3",
        "contentHash": "st47PosZSHrjECdjeIzZQbzivYBJFv6P2nv4cj2ypdI204DO+vZ7l5raGMiX4eXMJ53RfOIg+/s4DHVZ54Nu2A==",
        "dependencies": {
          "Microsoft.NETCore.Platforms": "1.1.0"
        }
      },
      "Newtonsoft.Json": {
        "type": "Direct",
        "requested": "[13.0.1, )",
        "resolved": "13.0.1",
        "contentHash": "ppPFpBcvxdsfUonNcvITKqLl3bqxWbDCZIzDWHzjpdAHRFfZe0Dw9HmA0+za13IdyrgJwpkDTDA9fHaxOrt20A=="
      },
      "Serilog": {
        "type": "Direct",
        "requested": "[2.9.0, )",
        "resolved": "2.9.0",
        "contentHash": "QzcrD33A3+CsVvwi1I5CSei67ikQnkGrw7SscgL+vZTghaC2aNYg8fiUcedXHzKJFNjgje9rBjzwYGQTKEaXaA=="
      },
      "MediatR": {
        "type": "Transitive",
        "resolved": "9.0.0",
        "contentHash": "8b3UYNxegHVYcJMG2zH8wn+YqxLvXG+eMfj0cMCq/jTW72p6O3PCKMkrIv0mqyxdW7bA4gblsocw7n+/9Akg5g=="
      },
      "Microsoft.NETCore.Platforms": {
        "type": "Transitive",
        "resolved": "1.1.0",
        "contentHash": "kz0PEW2lhqygehI/d6XsPCQzD7ff7gUJaVGPVETX611eadGsA3A877GdSlU0LRVMCTH/+P3o2iDTak+S08V2+A=="
      },
      "NodaTime": {
        "type": "Transitive",
        "resolved": "3.0.0",
        "contentHash": "ZauY6Ihs+abkPCpgIafCj92sl+cDqFbvwrJj9Ga0dteWIYg+A5FeoteBzgzez/cyBeukl2kbDTt4qtpTbHvqOw==",
        "dependencies": {
          "System.Runtime.CompilerServices.Unsafe": "4.7.1"
        }
      },
      "System.Runtime.CompilerServices.Unsafe": {
        "type": "Transitive",
        "resolved": "4.7.1",
        "contentHash": "zOHkQmzPCn5zm/BH+cxC1XbUS3P4Yoi3xzW7eRgVpDR2tPGSzyMZ17Ig1iRkfJuY0nhxkQQde8pgePNiA7z7TQ=="
      },
      "entities": {
        "type": "Project",
        "dependencies": {
          "MediatR": "[9.0.0, )"
        }
      },
      "senecentities": {
        "type": "Project",
        "dependencies": {
          "Entities": "[1.0.0, )",
          "MediatR": "[9.0.0, )"
        }
      },
      "shared": {
        "type": "Project",
        "dependencies": {
          "NodaTime": "[3.0.0, )"
        }
      }
    }
  }
}