{
  "version": 1,
  "dependencies": {
    "net6.0": {
      "Autofac.Extensions.DependencyInjection": {
        "type": "Direct",
        "requested": "[8.0.0, )",
        "resolved": "8.0.0",
        "contentHash": "nGrXNpQX2FiZpIBydK9cxZnnoqP/cUd3k/53uRERYEqLtWzKtE15R6L+j5q5ax5Rv/+3wAIkOaPePkahfqrwjg==",
        "dependencies": {
          "Autofac": "6.4.0",
          "Microsoft.Extensions.DependencyInjection.Abstractions": "6.0.0"
        }
      },
      "LazyCache.AspNetCore": {
        "type": "Direct",
        "requested": "[2.4.0, )",
        "resolved": "2.4.0",
        "contentHash": "5IFbG/IEcPTufNW67UwxCIbkUPHMLt7Pj995OO1EOEt6GP3PfrlwS3QnG7II92EYXcy0Gifm+DD+RvNoJyayaA==",
        "dependencies": {
          "LazyCache": "2.4.0",
          "microsoft.extensions.caching.abstractions": "2.1.0",
          "microsoft.extensions.caching.memory": "2.1.0",
          "microsoft.extensions.dependencyinjection.abstractions": "2.1.0"
        }
      },
      "MediatR.Extensions.Autofac.DependencyInjection": {
        "type": "Direct",
        "requested": "[7.4.0, )",
        "resolved": "7.4.0",
        "contentHash": "rEEgfJLvJcDTVpBNJb9IlByIprUBZhVlT7ku0MdnEgZok+fWYgVw/IDDqigk+NYPBWY4/u4mg6Xdp8Syh7XWBw==",
        "dependencies": {
          "Autofac": "6.3.0",
          "MediatR": "9.0.0"
        }
      },
      "Microsoft.EntityFrameworkCore.Cosmos": {
        "type": "Direct",
        "requested": "[3.1.29, )",
        "resolved": "3.1.29",
        "contentHash": "ePS5NhviBvQV0rKniecaGCRnxBuYQuqPPA9n+g9Sid3ffp3u1rMvgvPjTa5J6Uw3NVKEhOY+6EI6WFYQqsF5WA==",
        "dependencies": {
          "Microsoft.Azure.Cosmos": "3.3.3",
          "Microsoft.EntityFrameworkCore": "3.1.29"
        }
      },
      "Newtonsoft.Json": {
        "type": "Direct",
        "requested": "[13.0.1, )",
        "resolved": "13.0.1",
        "contentHash": "ppPFpBcvxdsfUonNcvITKqLl3bqxWbDCZIzDWHzjpdAHRFfZe0Dw9HmA0+za13IdyrgJwpkDTDA9fHaxOrt20A=="
      },
      "Serilog": {
        "type": "Direct",
        "requested": "[2.12.0, )",
        "resolved": "2.12.0",
        "contentHash": "xaiJLIdu6rYMKfQMYUZgTy8YK7SMZjB4Yk50C/u//Z4OsvxkUfSPJy4nknfvwAC34yr13q7kcyh4grbwhSxyZg=="
      },
      "Serilog.AspNetCore": {
        "type": "Direct",
        "requested": "[6.0.1, )",
        "resolved": "6.0.1",
        "contentHash": "5XW90k62V7G9I0D/j9Iz+NyRBB6/SnoFpHUPeLnV40gONV2vs2A/ewWi91QVjQmyHBfzFeqIrkvE/DJMZ0alTg==",
        "dependencies": {
          "Microsoft.Extensions.DependencyInjection": "5.0.0",
          "Microsoft.Extensions.Logging": "5.0.0",
          "Serilog": "2.10.0",
          "Serilog.Extensions.Hosting": "5.0.1",
          "Serilog.Formatting.Compact": "1.1.0",
          "Serilog.Settings.Configuration": "3.3.0",
          "Serilog.Sinks.Console": "4.0.1",
          "Serilog.Sinks.Debug": "2.0.0",
          "Serilog.Sinks.File": "5.0.0"
        }
      },
      "Autofac": {
        "type": "Transitive",
        "resolved": "6.4.0",
        "contentHash": "tkFxl6wAPuwVhrlN8wuNADnd+k2tv4ReP7ZZSL0vjfcN0RcfC9v25ogxK6b03HC7D4NwWjSLf1G/zTG8Bw43wQ==",
        "dependencies": {
          "System.Diagnostics.DiagnosticSource": "4.7.1"
        }
      },
      "Azure.Core": {
        "type": "Transitive",
        "resolved": "1.19.0",
        "contentHash": "lcDjG635DPE4fU5tqSueVMmzrx0QrIfPuY0+y6evHN5GanQ0GB+/4nuMHMmoNPwEow6OUPkJu4cZQxfHJQXPdA==",
        "dependencies": {
          "Microsoft.Bcl.AsyncInterfaces": "1.0.0",
          "System.Buffers": "4.5.1",
          "System.Diagnostics.DiagnosticSource": "4.6.0",
          "System.Memory": "4.5.4",
          "System.Memory.Data": "1.0.2",
          "System.Numerics.Vectors": "4.5.0",
          "System.Text.Encodings.Web": "4.7.2",
          "System.Text.Json": "4.6.0",
          "System.Threading.Tasks.Extensions": "4.5.2"
        }
      },
      "LazyCache": {
        "type": "Transitive",
        "resolved": "2.4.0",
        "contentHash": "THig17vqe5PEs3wvTqFrNzorz2nD4Qz9F9C3YlAydU673CogAO8z1u8NNJD6x52I7oDCQ/N/HwJIZMBH8Y/Qiw==",
        "dependencies": {
          "Microsoft.Extensions.Caching.Abstractions": "2.1.0",
          "Microsoft.Extensions.Caching.Memory": "2.1.0"
        }
      },
      "MediatR": {
        "type": "Transitive",
        "resolved": "9.0.0",
        "contentHash": "8b3UYNxegHVYcJMG2zH8wn+YqxLvXG+eMfj0cMCq/jTW72p6O3PCKMkrIv0mqyxdW7bA4gblsocw7n+/9Akg5g=="
      },
      "Microsoft.Azure.Cosmos": {
        "type": "Transitive",
        "resolved": "3.30.1",
        "contentHash": "8q0qZiji27JMZ8zDbW7ZUPomNnUhRHJr17aZpXhuZYxMGQicRpxPgC6xUduh8c76kkyPrK4LpQ64khUXgjvOAA==",
        "dependencies": {
          "Azure.Core": "1.19.0",
          "Microsoft.Bcl.AsyncInterfaces": "1.0.0",
          "Microsoft.Bcl.HashCode": "1.1.0",
          "Newtonsoft.Json": "10.0.2",
          "System.Buffers": "4.5.1",
          "System.Collections.Immutable": "1.7.0",
          "System.Configuration.ConfigurationManager": "6.0.0",
          "System.Memory": "4.5.4",
          "System.Numerics.Vectors": "4.5.0",
          "System.Runtime.CompilerServices.Unsafe": "4.6.0",
          "System.Threading.Tasks.Extensions": "4.5.4",
          "System.ValueTuple": "4.5.0"
        }
      },
      "Microsoft.Bcl.AsyncInterfaces": {
        "type": "Transitive",
        "resolved": "1.1.1",
        "contentHash": "yuvf07qFWFqtK3P/MRkEKLhn5r2UbSpVueRziSqj0yJQIKFwG1pq9mOayK3zE5qZCTs0CbrwL9M6R8VwqyGy2w=="
      },
      "Microsoft.Bcl.HashCode": {
        "type": "Transitive",
        "resolved": "1.1.1",
        "contentHash": "MalY0Y/uM/LjXtHfX/26l2VtN4LDNZ2OE3aumNOHDLsT4fNYy2hiHXI4CXCqKpNUNm7iJ2brrc4J89UdaL56FA=="
      },
      "Microsoft.EntityFrameworkCore": {
        "type": "Transitive",
        "resolved": "3.1.29",
        "contentHash": "H0X8aqQMUpgY6+xy3enheiRoZtzbDii3mFfNACUr2p+56mqmF+pD1hQXtoOpaERYIW3fduPcewSN2Xyql3IkJg==",
        "dependencies": {
          "Microsoft.Bcl.AsyncInterfaces": "1.1.1",
          "Microsoft.Bcl.HashCode": "1.1.1",
          "Microsoft.EntityFrameworkCore.Abstractions": "3.1.29",
          "Microsoft.EntityFrameworkCore.Analyzers": "3.1.29",
          "Microsoft.Extensions.Caching.Memory": "3.1.29",
          "Microsoft.Extensions.DependencyInjection": "3.1.29",
          "Microsoft.Extensions.Logging": "3.1.29",
          "System.Collections.Immutable": "1.7.1",
          "System.ComponentModel.Annotations": "4.7.0",
          "System.Diagnostics.DiagnosticSource": "4.7.1"
        }
      },
      "Microsoft.EntityFrameworkCore.Abstractions": {
        "type": "Transitive",
        "resolved": "3.1.29",
        "contentHash": "n0wjQxDNpqA9TAM970rw+GNQgnKcfqc3SFGK7O8Mhxj/4byP4H8Z8jpgFTY3WRsyhkYJExRleIJ6BbA8giuTFw=="
      },
      "Microsoft.EntityFrameworkCore.Analyzers": {
        "type": "Transitive",
        "resolved": "3.1.29",
        "contentHash": "+xYjyXpUD0lXF0tYK3rmMniQUhSqfxkdwXn/ygsLHahIkKzKRGDi58/A6KF07VhheVZ+vd0VnPv7UgUc0M3DCg=="
      },
      "Microsoft.Extensions.Caching.Abstractions": {
        "type": "Transitive",
        "resolved": "3.1.29",
        "contentHash": "pmCS0g2iJul7lCSYEnpJRkq/DwHV6KQuiuoGd2sI1z7UgSGbfFJ9mW5B227KZ9WeByF7+5m2JGooBKXmCeNUvA==",
        "dependencies": {
          "Microsoft.Extensions.Primitives": "3.1.29"
        }
      },
      "Microsoft.Extensions.Caching.Memory": {
        "type": "Transitive",
        "resolved": "3.1.29",
        "contentHash": "NnbHrZHs1TtqNr71Al0Y9i/f2S4j2/g2kLdIcK/LzJZB5KJutVBzCyQG2pZmG5DMbcdHUmmwIaGhGuvvkJ2iSA==",
        "dependencies": {
          "Microsoft.Extensions.Caching.Abstractions": "3.1.29",
          "Microsoft.Extensions.DependencyInjection.Abstractions": "3.1.29",
          "Microsoft.Extensions.Logging.Abstractions": "3.1.29",
          "Microsoft.Extensions.Options": "3.1.29"
        }
      },
      "Microsoft.Extensions.Configuration": {
        "type": "Transitive",
        "resolved": "2.0.0",
        "contentHash": "SsI4RqI8EH00+cYO96tbftlh87sNUv1eeyuBU1XZdQkG0RrHAOjWgl7P0FoLeTSMXJpOnfweeOWj2d1/5H3FxA==",
        "dependencies": {
          "Microsoft.Extensions.Configuration.Abstractions": "2.0.0"
        }
      },
      "Microsoft.Extensions.Configuration.Abstractions": {
        "type": "Transitive",
        "resolved": "6.0.0",
        "contentHash": "qWzV9o+ZRWq+pGm+1dF+R7qTgTYoXvbyowRoBxQJGfqTpqDun2eteerjRQhq5PQ/14S+lqto3Ft4gYaRyl4rdQ==",
        "dependencies": {
          "Microsoft.Extensions.Primitives": "6.0.0"
        }
      },
      "Microsoft.Extensions.Configuration.Binder": {
        "type": "Transitive",
        "resolved": "2.0.0",
        "contentHash": "IznHHzGUtrdpuQqIUdmzF6TYPcsYHONhHh3o9dGp39sX/9Zfmt476UnhvU0UhXgJnXXAikt/MpN6AuSLCCMdEQ==",
        "dependencies": {
          "Microsoft.Extensions.Configuration": "2.0.0"
        }
      },
      "Microsoft.Extensions.DependencyInjection": {
        "type": "Transitive",
        "resolved": "5.0.0",
        "contentHash": "Rc2kb/p3Ze6cP6rhFC3PJRdWGbLvSHZc0ev7YlyeU6FmHciDMLrhoVoTUEzKPhN5ZjFgKF1Cf5fOz8mCMIkvpA==",
        "dependencies": {
          "Microsoft.Extensions.DependencyInjection.Abstractions": "5.0.0"
        }
      },
      "Microsoft.Extensions.DependencyInjection.Abstractions": {
        "type": "Transitive",
        "resolved": "6.0.0",
        "contentHash": "xlzi2IYREJH3/m6+lUrQlujzX8wDitm4QGnUu6kUXTQAWPuZY8i+ticFJbzfqaetLA6KR/rO6Ew/HuYD+bxifg=="
      },
      "Microsoft.Extensions.DependencyModel": {
        "type": "Transitive",
        "resolved": "3.0.0",
        "contentHash": "Iaectmzg9Dc4ZbKX/FurrRjgO/I8rTumL5UU+Uube6vZuGetcnXoIgTA94RthFWePhdMVm8MMhVFJZdbzMsdyQ==",
        "dependencies": {
          "System.Text.Json": "4.6.0"
        }
      },
      "Microsoft.Extensions.FileProviders.Abstractions": {
        "type": "Transitive",
        "resolved": "3.1.8",
        "contentHash": "U7ffyzrPfRDH5K3h/mBpqJVoHbppw1kc1KyHZcZeDR7b1A0FRaqMSiizGpN9IGwWs9BuN7oXIKFyviuSGBjHtQ==",
        "dependencies": {
          "Microsoft.Extensions.Primitives": "3.1.8"
        }
      },
      "Microsoft.Extensions.Hosting.Abstractions": {
        "type": "Transitive",
        "resolved": "3.1.8",
        "contentHash": "7ZJUKwPipkDvuv2KJPZ3r01wp2AWNMiYH+61i0dL89F7QICknjKpWgLKLpTSUYFgl77S3b4264I6i4HzDdrb2A==",
        "dependencies": {
          "Microsoft.Extensions.Configuration.Abstractions": "3.1.8",
          "Microsoft.Extensions.DependencyInjection.Abstractions": "3.1.8",
          "Microsoft.Extensions.FileProviders.Abstractions": "3.1.8",
          "Microsoft.Extensions.Logging.Abstractions": "3.1.8"
        }
      },
      "Microsoft.Extensions.Logging": {
        "type": "Transitive",
        "resolved": "5.0.0",
        "contentHash": "MgOwK6tPzB6YNH21wssJcw/2MKwee8b2gI7SllYfn6rvTpIrVvVS5HAjSU2vqSku1fwqRvWP0MdIi14qjd93Aw==",
        "dependencies": {
          "Microsoft.Extensions.DependencyInjection": "5.0.0",
          "Microsoft.Extensions.DependencyInjection.Abstractions": "5.0.0",
          "Microsoft.Extensions.Logging.Abstractions": "5.0.0",
          "Microsoft.Extensions.Options": "5.0.0"
        }
      },
      "Microsoft.Extensions.Logging.Abstractions": {
        "type": "Transitive",
        "resolved": "6.0.2",
        "contentHash": "pwXCZKaA7m5wgmCj49dW+H1RPSY7U62SKLTQYCcavf/k3Nyt/WnBgAjG4jMGnwy9rElfAZ2KvxvM5CJzJWG0hg=="
      },
      "Microsoft.Extensions.Options": {
        "type": "Transitive",
        "resolved": "5.0.0",
        "contentHash": "CBvR92TCJ5uBIdd9/HzDSrxYak+0W/3+yxrNg8Qm6Bmrkh5L+nu6m3WeazQehcZ5q1/6dDA7J5YdQjim0165zg==",
        "dependencies": {
          "Microsoft.Extensions.DependencyInjection.Abstractions": "5.0.0",
          "Microsoft.Extensions.Primitives": "5.0.0"
        }
      },
      "Microsoft.Extensions.Options.ConfigurationExtensions": {
        "type": "Transitive",
        "resolved": "2.0.0",
        "contentHash": "Y/lGICwO27fCkQRK3tZseVzFjZaxfGmui990E67sB4MuiPzdJHnJDS/BeYWrHShSSBgCl4KyKRx4ux686fftPg==",
        "dependencies": {
          "Microsoft.Extensions.Configuration.Abstractions": "2.0.0",
          "Microsoft.Extensions.Configuration.Binder": "2.0.0",
          "Microsoft.Extensions.DependencyInjection.Abstractions": "2.0.0",
          "Microsoft.Extensions.Options": "2.0.0"
        }
      },
      "Microsoft.Extensions.Primitives": {
        "type": "Transitive",
        "resolved": "6.0.0",
        "contentHash": "9+PnzmQFfEFNR9J2aDTfJGGupShHjOuGw4VUv+JB044biSHrnmCIMD+mJHmb2H7YryrfBEXDurxQ47gJZdCKNQ==",
        "dependencies": {
          "System.Runtime.CompilerServices.Unsafe": "6.0.0"
        }
      },
      "Microsoft.Win32.SystemEvents": {
        "type": "Transitive",
        "resolved": "6.0.0",
        "contentHash": "hqTM5628jSsQiv+HGpiq3WKBl2c8v1KZfby2J6Pr7pEPlK9waPdgEO6b8A/+/xn/yZ9ulv8HuqK71ONy2tg67A=="
      },
      "NodaTime": {
        "type": "Transitive",
        "resolved": "3.1.2",
        "contentHash": "KAlnzQ2EtrrRhFoVePf2kMc24CXX3mAslfp+LmVQnk6HSZ8whgsHNpfUfO+jWCdMgGKQQKMjNCDgmTopjTPFFA==",
        "dependencies": {
          "System.Runtime.CompilerServices.Unsafe": "4.7.1"
        }
      },
      "Serilog.Extensions.Hosting": {
        "type": "Transitive",
        "resolved": "5.0.1",
        "contentHash": "o0VUyt3npAqOJaZ6CiWLFeLYs3CYJwfcAqaUqprzsmj7qYIvorcn8cZLVR8AQX6vzX7gee2bD0sQeA17iO2/Aw==",
        "dependencies": {
          "Microsoft.Extensions.DependencyInjection.Abstractions": "3.1.8",
          "Microsoft.Extensions.Hosting.Abstractions": "3.1.8",
          "Microsoft.Extensions.Logging.Abstractions": "3.1.8",
          "Serilog": "2.10.0",
          "Serilog.Extensions.Logging": "3.1.0"
        }
      },
      "Serilog.Extensions.Logging": {
        "type": "Transitive",
        "resolved": "3.1.0",
        "contentHash": "IWfem7wfrFbB3iw1OikqPFNPEzfayvDuN4WP7Ue1AVFskalMByeWk3QbtUXQR34SBkv1EbZ3AySHda/ErDgpcg==",
        "dependencies": {
          "Microsoft.Extensions.Logging": "2.0.0",
          "Serilog": "2.9.0"
        }
      },
      "Serilog.Formatting.Compact": {
        "type": "Transitive",
        "resolved": "1.1.0",
        "contentHash": "pNroKVjo+rDqlxNG5PXkRLpfSCuDOBY0ri6jp9PLe505ljqwhwZz8ospy2vWhQlFu5GkIesh3FcDs4n7sWZODA==",
        "dependencies": {
          "Serilog": "2.8.0"
        }
      },
      "Serilog.Settings.Configuration": {
        "type": "Transitive",
        "resolved": "3.3.0",
        "contentHash": "7GNudISZwqaT902hqEL2OFGTZeUFWfnrNLupJkOqeF41AR3GjcxX+Hwb30xb8gG2/CDXsCMVfF8o0+8KY0fJNg==",
        "dependencies": {
          "Microsoft.Extensions.DependencyModel": "3.0.0",
          "Microsoft.Extensions.Options.ConfigurationExtensions": "2.0.0",
          "Serilog": "2.10.0"
        }
      },
      "Serilog.Sinks.Console": {
        "type": "Transitive",
        "resolved": "4.0.1",
        "contentHash": "apLOvSJQLlIbKlbx+Y2UDHSP05kJsV7mou+fvJoRGs/iR+jC22r8cuFVMjjfVxz/AD4B2UCltFhE1naRLXwKNw==",
        "dependencies": {
          "Serilog": "2.10.0"
        }
      },
      "Serilog.Sinks.Debug": {
        "type": "Transitive",
        "resolved": "2.0.0",
        "contentHash": "Y6g3OBJ4JzTyyw16fDqtFcQ41qQAydnEvEqmXjhwhgjsnG/FaJ8GUqF5ldsC/bVkK8KYmqrPhDO+tm4dF6xx4A==",
        "dependencies": {
          "Serilog": "2.10.0"
        }
      },
      "Serilog.Sinks.File": {
        "type": "Transitive",
        "resolved": "5.0.0",
        "contentHash": "uwV5hdhWPwUH1szhO8PJpFiahqXmzPzJT/sOijH/kFgUx+cyoDTMM8MHD0adw9+Iem6itoibbUXHYslzXsLEAg==",
        "dependencies": {
          "Serilog": "2.10.0"
        }
      },
      "System.Buffers": {
        "type": "Transitive",
        "resolved": "4.5.1",
        "contentHash": "Rw7ijyl1qqRS0YQD/WycNst8hUUMgrMH4FCn1nNm27M4VxchZ1js3fVjQaANHO5f3sN4isvP4a+Met9Y4YomAg=="
      },
      "System.Collections.Immutable": {
        "type": "Transitive",
        "resolved": "1.7.1",
        "contentHash": "B43Zsz5EfMwyEbnObwRxW5u85fzJma3lrDeGcSAV1qkhSRTNY5uXAByTn9h9ddNdhM+4/YoLc/CI43umjwIl9Q=="
      },
      "System.ComponentModel.Annotations": {
        "type": "Transitive",
        "resolved": "4.7.0",
        "contentHash": "0YFqjhp/mYkDGpU0Ye1GjE53HMp9UVfGN7seGpAMttAC0C40v5gw598jCgpbBLMmCo0E5YRLBv5Z2doypO49ZQ=="
      },
      "System.Configuration.ConfigurationManager": {
        "type": "Transitive",
        "resolved": "6.0.0",
        "contentHash": "7T+m0kDSlIPTHIkPMIu6m6tV6qsMqJpvQWW2jIc2qi7sn40qxFo0q+7mEQAhMPXZHMKnWrnv47ntGlM/ejvw3g==",
        "dependencies": {
          "System.Security.Cryptography.ProtectedData": "6.0.0",
          "System.Security.Permissions": "6.0.0"
        }
      },
      "System.Diagnostics.DiagnosticSource": {
        "type": "Transitive",
        "resolved": "4.7.1",
        "contentHash": "j81Lovt90PDAq8kLpaJfJKV/rWdWuEk6jfV+MBkee33vzYLEUsy4gXK8laa9V2nZlLM9VM9yA/OOQxxPEJKAMw=="
      },
      "System.Drawing.Common": {
        "type": "Transitive",
        "resolved": "6.0.0",
        "contentHash": "NfuoKUiP2nUWwKZN6twGqXioIe1zVD0RIj2t976A+czLHr2nY454RwwXs6JU9Htc6mwqL6Dn/nEL3dpVf2jOhg==",
        "dependencies": {
          "Microsoft.Win32.SystemEvents": "6.0.0"
        }
      },
      "System.Memory": {
        "type": "Transitive",
        "resolved": "4.5.4",
        "contentHash": "1MbJTHS1lZ4bS4FmsJjnuGJOu88ZzTT2rLvrhW7Ygic+pC0NWA+3hgAen0HRdsocuQXCkUTdFn9yHJJhsijDXw=="
      },
      "System.Memory.Data": {
        "type": "Transitive",
        "resolved": "1.0.2",
        "contentHash": "JGkzeqgBsiZwKJZ1IxPNsDFZDhUvuEdX8L8BDC8N3KOj+6zMcNU28CNN59TpZE/VJYy9cP+5M+sbxtWJx3/xtw==",
        "dependencies": {
          "System.Text.Encodings.Web": "4.7.2",
          "System.Text.Json": "4.6.0"
        }
      },
      "System.Numerics.Vectors": {
        "type": "Transitive",
        "resolved": "4.5.0",
        "contentHash": "QQTlPTl06J/iiDbJCiepZ4H//BVraReU4O4EoRw1U02H5TLUIT7xn3GnDp9AXPSlJUDyFs4uWjWafNX6WrAojQ=="
      },
      "System.Runtime.CompilerServices.Unsafe": {
        "type": "Transitive",
        "resolved": "6.0.0",
        "contentHash": "/iUeP3tq1S0XdNNoMz5C9twLSrM/TH+qElHkXWaPvuNOt+99G75NrV0OS2EqHx5wMN7popYjpc8oTjC1y16DLg=="
      },
      "System.Security.AccessControl": {
        "type": "Transitive",
        "resolved": "6.0.0",
        "contentHash": "AUADIc0LIEQe7MzC+I0cl0rAT8RrTAKFHl53yHjEUzNVIaUlhFY11vc2ebiVJzVBuOzun6F7FBA+8KAbGTTedQ=="
      },
      "System.Security.Cryptography.ProtectedData": {
        "type": "Transitive",
        "resolved": "6.0.0",
        "contentHash": "rp1gMNEZpvx9vP0JW0oHLxlf8oSiQgtno77Y4PLUBjSiDYoD77Y8uXHr1Ea5XG4/pIKhqAdxZ8v8OTUtqo9PeQ=="
      },
      "System.Security.Permissions": {
        "type": "Transitive",
        "resolved": "6.0.0",
        "contentHash": "T/uuc7AklkDoxmcJ7LGkyX1CcSviZuLCa4jg3PekfJ7SU0niF0IVTXwUiNVP9DSpzou2PpxJ+eNY2IfDM90ZCg==",
        "dependencies": {
          "System.Security.AccessControl": "6.0.0",
          "System.Windows.Extensions": "6.0.0"
        }
      },
      "System.Text.Encodings.Web": {
        "type": "Transitive",
        "resolved": "4.7.2",
        "contentHash": "iTUgB/WtrZ1sWZs84F2hwyQhiRH6QNjQv2DkwrH+WP6RoFga2Q1m3f9/Q7FG8cck8AdHitQkmkXSY8qylcDmuA=="
      },
      "System.Text.Json": {
        "type": "Transitive",
        "resolved": "4.6.0",
        "contentHash": "4F8Xe+JIkVoDJ8hDAZ7HqLkjctN/6WItJIzQaifBwClC7wmoLSda/Sv2i6i1kycqDb3hWF4JCVbpAweyOKHEUA=="
      },
      "System.Threading.Tasks.Extensions": {
        "type": "Transitive",
        "resolved": "4.5.4",
        "contentHash": "zteT+G8xuGu6mS+mzDzYXbzS7rd3K6Fjb9RiZlYlJPam2/hU7JCBZBVEcywNuR+oZ1ncTvc/cq0faRr3P01OVg=="
      },
      "System.ValueTuple": {
        "type": "Transitive",
        "resolved": "4.5.0",
        "contentHash": "okurQJO6NRE/apDIP23ajJ0hpiNmJ+f0BwOlB/cSqTLQlw5upkf+5+96+iG2Jw40G1fCVCyPz/FhIABUjMR+RQ=="
      },
      "System.Windows.Extensions": {
        "type": "Transitive",
        "resolved": "6.0.0",
        "contentHash": "IXoJOXIqc39AIe+CIR7koBtRGMiCt/LPM3lI+PELtDIy9XdyeSrwXFdWV9dzJ2Awl0paLWUaknLxFQ5HpHZUog==",
        "dependencies": {
          "System.Drawing.Common": "6.0.0"
        }
      },
      "entities": {
        "type": "Project",
        "dependencies": {
          "MediatR": "[9.0.0, )"
        }
      },
      "froniusentities": {
        "type": "Project",
        "dependencies": {
          "SenecEntities": "[1.0.0, )"
        }
      },
      "froniussource": {
        "type": "Project",
        "dependencies": {
          "Newtonsoft.Json": "[13.0.1, )",
          "SenecEntities": "[1.0.0, )",
          "SenecSource": "[1.0.0, )",
          "Serilog": "[2.12.0, )",
          "Shared": "[1.0.0, )"
        }
      },
      "localpublisher.domain": {
        "type": "Project",
        "dependencies": {
          "Autofac": "[6.4.0, )",
          "FroniusEntities": "[1.0.0, )",
          "FroniusSource": "[1.0.0, )",
          "LazyCache": "[2.4.0, )",
          "MediatR": "[9.0.0, )",
          "Microsoft.Extensions.Logging.Abstractions": "[6.0.2, )",
          "Newtonsoft.Json": "[13.0.1, )",
          "NodaTime": "[3.1.2, )",
          "ReadRepository.Cosmos": "[1.0.0, )",
          "Repository.Cosmos": "[1.0.0, )",
          "Repository.EFCore": "[1.0.0, )",
          "SenecEntitesAdapter": "[1.0.0, )",
          "SenecEntities": "[1.0.0, )",
          "SenecSource": "[1.0.0, )",
          "Serilog": "[2.12.0, )",
          "TeslaPowerwallSource": "[1.0.0, )"
        }
      },
      "readrepository.cosmos": {
        "type": "Project",
        "dependencies": {
          "Autofac": "[6.4.0, )",
          "Microsoft.Azure.Cosmos": "[3.30.1, )",
          "Microsoft.Extensions.Configuration.Abstractions": "[6.0.0, )",
          "ReadRepository.ReadModel": "[1.0.0, )",
          "Repository.Model": "[1.0.0, )",
          "Shared": "[1.0.0, )"
        }
      },
      "readrepository.readmodel": {
        "type": "Project",
        "dependencies": {
          "Entities": "[1.0.0, )"
        }
      },
      "repository.cosmos": {
        "type": "Project",
        "dependencies": {
          "Autofac": "[6.4.0, )",
          "Entities": "[1.0.0, )",
          "Microsoft.Azure.Cosmos": "[3.30.1, )",
          "Microsoft.Extensions.Configuration.Abstractions": "[6.0.0, )",
          "Repository.Model": "[1.0.0, )",
          "Shared": "[1.0.0, )"
        }
      },
      "repository.efcore": {
        "type": "Project",
        "dependencies": {
          "Entities": "[1.0.0, )",
          "Microsoft.EntityFrameworkCore": "[3.1.29, )",
          "Microsoft.EntityFrameworkCore.Cosmos": "[3.1.29, )",
          "Repository.Model": "[1.0.0, )",
          "Shared": "[1.0.0, )"
        }
      },
      "repository.model": {
        "type": "Project",
        "dependencies": {
          "Entities": "[1.0.0, )",
          "Newtonsoft.Json": "[13.0.1, )"
        }
      },
      "senecentitesadapter": {
        "type": "Project",
        "dependencies": {
          "Entities": "[1.0.0, )",
          "SenecEntities": "[1.0.0, )"
        }
      },
      "senecentities": {
        "type": "Project",
        "dependencies": {
          "Entities": "[1.0.0, )",
          "MediatR": "[9.0.0, )"
        }
      },
      "senecsource": {
        "type": "Project",
        "dependencies": {
          "Newtonsoft.Json": "[13.0.1, )",
          "SenecEntities": "[1.0.0, )",
          "Serilog": "[2.12.0, )",
          "Shared": "[1.0.0, )"
        }
      },
      "shared": {
        "type": "Project",
        "dependencies": {
          "NodaTime": "[3.1.2, )"
        }
      },
      "teslaentities": {
        "type": "Project",
        "dependencies": {
          "Entities": "[1.0.0, )",
          "MediatR": "[9.0.0, )"
        }
      },
      "teslapowerwallsource": {
        "type": "Project",
        "dependencies": {
          "LazyCache": "[2.4.0, )",
          "Newtonsoft.Json": "[13.0.1, )",
          "Serilog": "[2.12.0, )",
          "Shared": "[1.0.0, )",
          "TeslaEntities": "[1.0.0, )"
        }
      }
    }
  }
}