{
  "version": 1,
  "dependencies": {
    ".NETFramework,Version=v4.7.2": {
      "Autofac": {
        "type": "Direct",
        "requested": "[6.4.0, 6.4.0]",
        "resolved": "6.4.0",
        "contentHash": "tkFxl6wAPuwVhrlN8wuNADnd+k2tv4ReP7ZZSL0vjfcN0RcfC9v25ogxK6b03HC7D4NwWjSLf1G/zTG8Bw43wQ=="
      },
      "Autofac.Extensions.DependencyInjection": {
        "type": "Direct",
        "requested": "[8.0.0, 8.0.0]",
        "resolved": "8.0.0",
        "contentHash": "nGrXNpQX2FiZpIBydK9cxZnnoqP/cUd3k/53uRERYEqLtWzKtE15R6L+j5q5ax5Rv/+3wAIkOaPePkahfqrwjg=="
      },
      "LazyCache": {
        "type": "Direct",
        "requested": "[2.4.0, 2.4.0]",
        "resolved": "2.4.0",
        "contentHash": "THig17vqe5PEs3wvTqFrNzorz2nD4Qz9F9C3YlAydU673CogAO8z1u8NNJD6x52I7oDCQ/N/HwJIZMBH8Y/Qiw=="
      },
      "LazyCache.AspNetCore": {
        "type": "Direct",
        "requested": "[2.4.0, 2.4.0]",
        "resolved": "2.4.0",
        "contentHash": "5IFbG/IEcPTufNW67UwxCIbkUPHMLt7Pj995OO1EOEt6GP3PfrlwS3QnG7II92EYXcy0Gifm+DD+RvNoJyayaA=="
      },
      "MediatR": {
        "type": "Direct",
        "requested": "[9.0.0, 9.0.0]",
        "resolved": "9.0.0",
        "contentHash": "8b3UYNxegHVYcJMG2zH8wn+YqxLvXG+eMfj0cMCq/jTW72p6O3PCKMkrIv0mqyxdW7bA4gblsocw7n+/9Akg5g=="
      },
      "MediatR.Extensions.Autofac.DependencyInjection": {
        "type": "Direct",
        "requested": "[7.4.0, 7.4.0]",
        "resolved": "7.4.0",
        "contentHash": "rEEgfJLvJcDTVpBNJb9IlByIprUBZhVlT7ku0MdnEgZok+fWYgVw/IDDqigk+NYPBWY4/u4mg6Xdp8Syh7XWBw=="
      },
      "Microsoft.Azure.Cosmos": {
        "type": "Direct",
        "requested": "[3.8.0, 3.8.0]",
        "resolved": "3.8.0",
        "contentHash": "nmF9HTlRuLNDWaTyRR/GudqOUbrFQoMNuCxpdCxU7BCQJ3qzV5tHS9vKeX9Zg/SmFXKgjjO5NaE6AltvGuiaRQ=="
      },
      "Microsoft.Bcl.AsyncInterfaces": {
        "type": "Direct",
        "requested": "[6.0.0, 6.0.0]",
        "resolved": "6.0.0",
        "contentHash": "UcSjPsst+DfAdJGVDsu346FX0ci0ah+lw3WRtn18NUwEqRt70HaOQ7lI72vy3+1LxtqI3T5GWwV39rQSrCzAeg=="
      },
      "Microsoft.Bcl.HashCode": {
        "type": "Direct",
        "requested": "[1.1.1, 1.1.1]",
        "resolved": "1.1.1",
        "contentHash": "MalY0Y/uM/LjXtHfX/26l2VtN4LDNZ2OE3aumNOHDLsT4fNYy2hiHXI4CXCqKpNUNm7iJ2brrc4J89UdaL56FA=="
      },
      "Microsoft.DotNet.PlatformAbstractions": {
        "type": "Direct",
        "requested": "[2.0.4, 2.0.4]",
        "resolved": "2.0.4",
        "contentHash": "2HjSGp63VCLQaeGadrLYR868g25mJHr+TFF81yWCaClzjUbU2vNDx6km7SUgPnoLVksE/1e7in88eh+oPtc4aQ=="
      },
      "Microsoft.EntityFrameworkCore": {
        "type": "Direct",
        "requested": "[3.1.29, 3.1.29]",
        "resolved": "3.1.29",
        "contentHash": "H0X8aqQMUpgY6+xy3enheiRoZtzbDii3mFfNACUr2p+56mqmF+pD1hQXtoOpaERYIW3fduPcewSN2Xyql3IkJg=="
      },
      "Microsoft.EntityFrameworkCore.Abstractions": {
        "type": "Direct",
        "requested": "[3.1.29, 3.1.29]",
        "resolved": "3.1.29",
        "contentHash": "n0wjQxDNpqA9TAM970rw+GNQgnKcfqc3SFGK7O8Mhxj/4byP4H8Z8jpgFTY3WRsyhkYJExRleIJ6BbA8giuTFw=="
      },
      "Microsoft.EntityFrameworkCore.Analyzers": {
        "type": "Direct",
        "requested": "[3.1.29, 3.1.29]",
        "resolved": "3.1.29",
        "contentHash": "+xYjyXpUD0lXF0tYK3rmMniQUhSqfxkdwXn/ygsLHahIkKzKRGDi58/A6KF07VhheVZ+vd0VnPv7UgUc0M3DCg=="
      },
      "Microsoft.EntityFrameworkCore.Cosmos": {
        "type": "Direct",
        "requested": "[3.1.29, 3.1.29]",
        "resolved": "3.1.29",
        "contentHash": "ePS5NhviBvQV0rKniecaGCRnxBuYQuqPPA9n+g9Sid3ffp3u1rMvgvPjTa5J6Uw3NVKEhOY+6EI6WFYQqsF5WA=="
      },
      "Microsoft.Extensions.Caching.Abstractions": {
        "type": "Direct",
        "requested": "[3.1.29, 3.1.29]",
        "resolved": "3.1.29",
        "contentHash": "pmCS0g2iJul7lCSYEnpJRkq/DwHV6KQuiuoGd2sI1z7UgSGbfFJ9mW5B227KZ9WeByF7+5m2JGooBKXmCeNUvA=="
      },
      "Microsoft.Extensions.Caching.Memory": {
        "type": "Direct",
        "requested": "[3.1.29, 3.1.29]",
        "resolved": "3.1.29",
        "contentHash": "NnbHrZHs1TtqNr71Al0Y9i/f2S4j2/g2kLdIcK/LzJZB5KJutVBzCyQG2pZmG5DMbcdHUmmwIaGhGuvvkJ2iSA=="
      },
      "Microsoft.Extensions.Configuration": {
        "type": "Direct",
        "requested": "[3.1.29, 3.1.29]",
        "resolved": "3.1.29",
        "contentHash": "HFRGDJaKIYOsxSq9l9Px9wiuggYNu9xkW58C/E1wXYRKFjHLA2B58WY4c4IaFGnrsG2sfa4lSGVGMB2Dragadw=="
      },
      "Microsoft.Extensions.Configuration.Abstractions": {
        "type": "Direct",
        "requested": "[6.0.0, 6.0.0]",
        "resolved": "6.0.0",
        "contentHash": "qWzV9o+ZRWq+pGm+1dF+R7qTgTYoXvbyowRoBxQJGfqTpqDun2eteerjRQhq5PQ/14S+lqto3Ft4gYaRyl4rdQ=="
      },
      "Microsoft.Extensions.Configuration.Binder": {
        "type": "Direct",
        "requested": "[3.1.29, 3.1.29]",
        "resolved": "3.1.29",
        "contentHash": "d0Ceo2dna7Y5gLJo9CCHUdW8NtNd9WX0MBP1pb9w4SPMpp+qVBQhLXpeeA+HNpUpCkSUjk9xKbgOYkFZvVDLPg=="
      },
      "Microsoft.Extensions.Configuration.CommandLine": {
        "type": "Direct",
        "requested": "[3.1.3, 3.1.3]",
        "resolved": "3.1.3",
        "contentHash": "qcwjfZRYPcPxwpOJmIiYwfJnD7Raxfol5Csx6P2k7Or4bPUBjSJsA0AkoodNoET/h9MHhqgYpLn7VZ5dNMfnOg=="
      },
      "Microsoft.Extensions.Configuration.EnvironmentVariables": {
        "type": "Direct",
        "requested": "[3.1.3, 3.1.3]",
        "resolved": "3.1.3",
        "contentHash": "t5BD/niDDCbandVbtzNsiDH8AayQ+YX/0WOzbQTg7pd/NnPQmXovrgwOGiwPwvCa8Pjk2MlFjV0qLlttfesUgA=="
      },
      "Microsoft.Extensions.Configuration.FileExtensions": {
        "type": "Direct",
        "requested": "[3.1.3, 3.1.3]",
        "resolved": "3.1.3",
        "contentHash": "elAAhku4duLMFnoambYY3VUp6AWHkMYu1j9ctWQkSfsCPwx9FlQ8luk4LS5oMQmOT0eY8E0zWG8jZM60GXIyNA=="
      },
      "Microsoft.Extensions.Configuration.Json": {
        "type": "Direct",
        "requested": "[3.1.3, 3.1.3]",
        "resolved": "3.1.3",
        "contentHash": "E26XwzU3Y+J4etuXwX0ScOxNwuBdifU/BGM0nI/GwY7SjvVkkBQDgYphUcujaiAZWJ7h7yh1KL9tBAMPgGthqg=="
      },
      "Microsoft.Extensions.Configuration.UserSecrets": {
        "type": "Direct",
        "requested": "[3.1.3, 3.1.3]",
        "resolved": "3.1.3",
        "contentHash": "5Xy5b5m+WW77enehS0xnQPQ3GCjlHX/rpOqns2eMSdzmr9uKldDO59Bug7Fd+lX12glTTrGW0G+lYx+TmRKfJw=="
      },
      "Microsoft.Extensions.DependencyInjection": {
        "type": "Direct",
        "requested": "[6.0.0, 6.0.0]",
        "resolved": "6.0.0",
        "contentHash": "k6PWQMuoBDGGHOQTtyois2u4AwyVcIwL2LaSLlTZQm2CYcJ1pxbt6jfAnpWmzENA/wfrYRI/X9DTLoUkE4AsLw=="
      },
      "Microsoft.Extensions.DependencyInjection.Abstractions": {
        "type": "Direct",
        "requested": "[6.0.0, 6.0.0]",
        "resolved": "6.0.0",
        "contentHash": "xlzi2IYREJH3/m6+lUrQlujzX8wDitm4QGnUu6kUXTQAWPuZY8i+ticFJbzfqaetLA6KR/rO6Ew/HuYD+bxifg=="
      },
      "Microsoft.Extensions.DependencyModel": {
        "type": "Direct",
        "requested": "[2.0.4, 2.0.4]",
        "resolved": "2.0.4",
        "contentHash": "jnHAeijsfJFQXdXmnYK/NhQIkgBUeth//RZZkf0ldIKC+jARbf7YxbA9uTrs/EPhuQxHXaDxVuMyscgmL+UqfA=="
      },
      "Microsoft.Extensions.FileProviders.Abstractions": {
        "type": "Direct",
        "requested": "[3.1.3, 3.1.3]",
        "resolved": "3.1.3",
        "contentHash": "vr1V6dj8NONgaTA/EdlwtJOaNXRBf6f/din15pkWM/RfTbdoqrr0mKcTRx4MD/AGwxgM0+G2rUT2pDQGa2tNtA=="
      },
      "Microsoft.Extensions.FileProviders.Physical": {
        "type": "Direct",
        "requested": "[3.1.3, 3.1.3]",
        "resolved": "3.1.3",
        "contentHash": "CvCLmVfb90Wkm99Ho6izWoZ9WaY/SQbou0LSEvBQxKk0IPAWKfUw29QLqlszIkXp81VR1BwdprlGKFdFfZpZFA=="
      },
      "Microsoft.Extensions.FileSystemGlobbing": {
        "type": "Direct",
        "requested": "[3.1.3, 3.1.3]",
        "resolved": "3.1.3",
        "contentHash": "bAmmKRNZM7n7cEhmdywgfvd53MF8pUL9u6orliWvJmI3tQCuDaJalNr4z9FfMu/e6Baw5NTSV+ZsWdWIiOi1Rw=="
      },
      "Microsoft.Extensions.Hosting": {
        "type": "Direct",
        "requested": "[3.1.3, 3.1.3]",
        "resolved": "3.1.3",
        "contentHash": "ba7h9rU+XIHp4ORrUbbhTHwD+moNwHB9jKEKSeKAErY71NYHo6c6+g1S6DILXOS3KlOp1seU1YEGIVDOr1iObA=="
      },
      "Microsoft.Extensions.Hosting.Abstractions": {
        "type": "Direct",
        "requested": "[3.1.3, 3.1.3]",
        "resolved": "3.1.3",
        "contentHash": "QBVyz//TkXEGPIEhL57LyA9dnwSLRlJh5OtEqoUZUqU2INcGjPxcP99mPjngSLjIcN2IfEEfkgOwjBQDlIo4Cg=="
      },
      "Microsoft.Extensions.Logging": {
        "type": "Direct",
        "requested": "[3.1.29, 3.1.29]",
        "resolved": "3.1.29",
        "contentHash": "WURKzxYiDum6uNueWjJHxENF19nRL4Cx796KFDpLoJcxc7snG7VKepPYORb4aFOSryQaNq2ybAMyLZTOcS+jZQ=="
      },
      "Microsoft.Extensions.Logging.Abstractions": {
        "type": "Direct",
        "requested": "[3.1.29, 3.1.29]",
        "resolved": "3.1.29",
        "contentHash": "ZwfCt7zahHx9mIXt9H2vffdWKMta+MaXCfN75NAzG/hRN7w/di91mpMm1XAExeWOU6HnfPIUBwDnErV8yH8JFA=="
      },
      "Microsoft.Extensions.Logging.Configuration": {
        "type": "Direct",
        "requested": "[3.1.3, 3.1.3]",
        "resolved": "3.1.3",
        "contentHash": "G9lcPzZaY8osbEgxMMbVyKwR3MaUmdvdeAZYrc632Nc6qGH5/3wUVX0lc+5muGMGoje+GMnS9IFeFpLx1ZuF+g=="
      },
      "Microsoft.Extensions.Logging.Console": {
        "type": "Direct",
        "requested": "[3.1.3, 3.1.3]",
        "resolved": "3.1.3",
        "contentHash": "GxwoWXQKlVoOw5l1/bZ6KWV7CWE4QkCLHVnXEqnlZk2XFEY1hZCmfY6DES7AkPmfQ+HdXSlKOWW+F468HBmVYg=="
      },
      "Microsoft.Extensions.Logging.Debug": {
        "type": "Direct",
        "requested": "[3.1.3, 3.1.3]",
        "resolved": "3.1.3",
        "contentHash": "2jeHnrFTE83jMGLKmIaGcNYuI5s3A8bJLcTPNyFrl96T5DDWyjwVxGrNmdokwjbYxzMbOuyv0DZLy+aFAXEkCA=="
      },
      "Microsoft.Extensions.Logging.EventLog": {
        "type": "Direct",
        "requested": "[3.1.3, 3.1.3]",
        "resolved": "3.1.3",
        "contentHash": "NvTRcwuU1rhY5Lord6zibAuiMc9FgeMZ0HusRwHKRrqXTLPXjrsGsQS6t1gthRmTvAS5lJ9M0Ubxv6j8PifRQw=="
      },
      "Microsoft.Extensions.Logging.EventSource": {
        "type": "Direct",
        "requested": "[3.1.3, 3.1.3]",
        "resolved": "3.1.3",
        "contentHash": "OCOB7+ubyvpmsquE9wX1FmrnmQWSA42pe9OsfZzHsXL1VxdD0NKuBRmn0AJHaD16dVLGBnZ8WzETnHepljSALw=="
      },
      "Microsoft.Extensions.Options": {
        "type": "Direct",
        "requested": "[3.1.29, 3.1.29]",
        "resolved": "3.1.29",
        "contentHash": "YHn5lHnUtT1tix1EmV8q8YwQTFoj65b0BcX6JD9vH4V3k/+iQF++gLzv8swO/GRcybls1RbheXfK5znPZADWDA=="
      },
      "Microsoft.Extensions.Options.ConfigurationExtensions": {
        "type": "Direct",
        "requested": "[3.1.3, 3.1.3]",
        "resolved": "3.1.3",
        "contentHash": "Z0xe960FJ43sni/HNGGi4x35ee9Y6Ej2Ithzxy9mc1efGaJruWMgy7pV/CZpQV5PKjd/5/ugpYQs622huBELgA=="
      },
      "Microsoft.Extensions.Primitives": {
        "type": "Direct",
        "requested": "[6.0.0, 6.0.0]",
        "resolved": "6.0.0",
        "contentHash": "9+PnzmQFfEFNR9J2aDTfJGGupShHjOuGw4VUv+JB044biSHrnmCIMD+mJHmb2H7YryrfBEXDurxQ47gJZdCKNQ=="
      },
      "Newtonsoft.Json": {
        "type": "Direct",
        "requested": "[13.0.1, 13.0.1]",
        "resolved": "13.0.1",
        "contentHash": "ppPFpBcvxdsfUonNcvITKqLl3bqxWbDCZIzDWHzjpdAHRFfZe0Dw9HmA0+za13IdyrgJwpkDTDA9fHaxOrt20A=="
      },
      "NodaTime": {
        "type": "Direct",
        "requested": "[3.1.2, 3.1.2]",
        "resolved": "3.1.2",
        "contentHash": "KAlnzQ2EtrrRhFoVePf2kMc24CXX3mAslfp+LmVQnk6HSZ8whgsHNpfUfO+jWCdMgGKQQKMjNCDgmTopjTPFFA=="
      },
      "Serilog": {
        "type": "Direct",
        "requested": "[2.12.0, 2.12.0]",
        "resolved": "2.12.0",
        "contentHash": "xaiJLIdu6rYMKfQMYUZgTy8YK7SMZjB4Yk50C/u//Z4OsvxkUfSPJy4nknfvwAC34yr13q7kcyh4grbwhSxyZg=="
      },
      "Serilog.Settings.Configuration": {
        "type": "Direct",
        "requested": "[3.1.0, 3.1.0]",
        "resolved": "3.1.0",
        "contentHash": "BS+G1dhThTHBOYm8R21JNlR+Nh7ETAOlJuL1P6te1rOG98eV1vos5EyWRTGr0AbHgySxsGu1Q/evfFxS9+Gk1Q=="
      },
      "Serilog.Sinks.Console": {
        "type": "Direct",
        "requested": "[3.1.1, 3.1.1]",
        "resolved": "3.1.1",
        "contentHash": "56mI5AqvyF/i/c2451nvV71kq370XOCE4Uu5qiaJ295sOhMb9q3BWwG7mWLOVSnmpWiq0SBT3SXfgRXGNP6vzA=="
      },
      "Serilog.Sinks.File": {
        "type": "Direct",
        "requested": "[4.1.0, 4.1.0]",
        "resolved": "4.1.0",
        "contentHash": "U0b34w+ZikbqWEZ3ui7BdzxY/19zwrdhLtI3o6tfmLdD3oXxg7n2TZJjwCCTlKPgRuYic9CBWfrZevbb70mTaw=="
      },
      "System.Buffers": {
        "type": "Direct",
        "requested": "[4.5.1, 4.5.1]",
        "resolved": "4.5.1",
        "contentHash": "Rw7ijyl1qqRS0YQD/WycNst8hUUMgrMH4FCn1nNm27M4VxchZ1js3fVjQaANHO5f3sN4isvP4a+Met9Y4YomAg=="
      },
      "System.Collections.Immutable": {
        "type": "Direct",
        "requested": "[1.7.1, 1.7.1]",
        "resolved": "1.7.1",
        "contentHash": "B43Zsz5EfMwyEbnObwRxW5u85fzJma3lrDeGcSAV1qkhSRTNY5uXAByTn9h9ddNdhM+4/YoLc/CI43umjwIl9Q=="
      },
      "System.ComponentModel.Annotations": {
        "type": "Direct",
        "requested": "[4.7.0, 4.7.0]",
        "resolved": "4.7.0",
        "contentHash": "0YFqjhp/mYkDGpU0Ye1GjE53HMp9UVfGN7seGpAMttAC0C40v5gw598jCgpbBLMmCo0E5YRLBv5Z2doypO49ZQ=="
      },
      "System.Configuration.ConfigurationManager": {
        "type": "Direct",
        "requested": "[4.5.0, 4.5.0]",
        "resolved": "4.5.0",
        "contentHash": "UIFvaFfuKhLr9u5tWMxmVoDPkFeD+Qv8gUuap4aZgVGYSYMdERck4OhLN/2gulAc0nYTEigWXSJNNWshrmxnng=="
      },
      "System.Diagnostics.DiagnosticSource": {
        "type": "Direct",
        "requested": "[4.7.1, 4.7.1]",
        "resolved": "4.7.1",
        "contentHash": "j81Lovt90PDAq8kLpaJfJKV/rWdWuEk6jfV+MBkee33vzYLEUsy4gXK8laa9V2nZlLM9VM9yA/OOQxxPEJKAMw=="
      },
      "System.Diagnostics.EventLog": {
        "type": "Direct",
        "requested": "[4.7.0, 4.7.0]",
        "resolved": "4.7.0",
        "contentHash": "iDoKGQcRwX0qwY+eAEkaJGae0d/lHlxtslO+t8pJWAUxlvY3tqLtVOPnW2UU4cFjP0Y/L1QBqhkZfSyGqVMR2w=="
      },
      "System.Memory": {
        "type": "Direct",
        "requested": "[4.5.4, 4.5.4]",
        "resolved": "4.5.4",
        "contentHash": "1MbJTHS1lZ4bS4FmsJjnuGJOu88ZzTT2rLvrhW7Ygic+pC0NWA+3hgAen0HRdsocuQXCkUTdFn9yHJJhsijDXw=="
      },
      "System.Numerics.Vectors": {
        "type": "Direct",
        "requested": "[4.5.0, 4.5.0]",
        "resolved": "4.5.0",
        "contentHash": "QQTlPTl06J/iiDbJCiepZ4H//BVraReU4O4EoRw1U02H5TLUIT7xn3GnDp9AXPSlJUDyFs4uWjWafNX6WrAojQ=="
      },
      "System.Runtime.CompilerServices.Unsafe": {
        "type": "Direct",
        "requested": "[6.0.0, 6.0.0]",
        "resolved": "6.0.0",
        "contentHash": "/iUeP3tq1S0XdNNoMz5C9twLSrM/TH+qElHkXWaPvuNOt+99G75NrV0OS2EqHx5wMN7popYjpc8oTjC1y16DLg=="
      },
      "System.Security.AccessControl": {
        "type": "Direct",
        "requested": "[4.5.0, 4.5.0]",
        "resolved": "4.5.0",
        "contentHash": "vW8Eoq0TMyz5vAG/6ce483x/CP83fgm4SJe5P8Tb1tZaobcvPrbMEL7rhH1DRdrYbbb6F0vq3OlzmK0Pkwks5A=="
      },
      "System.Security.Permissions": {
        "type": "Direct",
        "requested": "[4.5.0, 4.5.0]",
        "resolved": "4.5.0",
        "contentHash": "9gdyuARhUR7H+p5CjyUB/zPk7/Xut3wUSP8NJQB6iZr8L3XUXTMdoLeVAg9N4rqF8oIpE7MpdqHdDHQ7XgJe0g=="
      },
      "System.Security.Principal.Windows": {
        "type": "Direct",
        "requested": "[4.7.0, 4.7.0]",
        "resolved": "4.7.0",
        "contentHash": "ojD0PX0XhneCsUbAZVKdb7h/70vyYMDYs85lwEI+LngEONe/17A0cFaRFqZU+sOEidcVswYWikYOQ9PPfjlbtQ=="
      },
      "System.ServiceModel.Primitives": {
        "type": "Direct",
        "requested": "[4.5.0, 4.5.0]",
        "resolved": "4.5.0",
        "contentHash": "O2H5pcihPBJBviAszY3Ud6/+w9x7oB35NSHsYlai8luqknscSiF2vOfIQHeqo4pDh+AXTokxdBmg2izATBgy2g=="
      },
      "System.Text.Encodings.Web": {
        "type": "Direct",
        "requested": "[4.7.0, 4.7.0]",
        "resolved": "4.7.0",
        "contentHash": "IJanJWPQvya2sbGStt3Fkdy4IaomUBSadAfYWeJDQw0zclMk9ixSvMeei6cSmTTQ6ZkGIIAbhHZVCoLR7GgX7Q=="
      },
      "System.Text.Json": {
        "type": "Direct",
        "requested": "[4.7.1, 4.7.1]",
        "resolved": "4.7.1",
        "contentHash": "XwzMbct3iNepJaFylN1+l8weWlFburEzXidqleSsLvSXdHSIJHEKtRVKHPlpWcFmJX6k3goPFfVgUfp40RR+bg=="
      },
      "System.Threading.Tasks.Extensions": {
        "type": "Direct",
        "requested": "[4.5.4, 4.5.4]",
        "resolved": "4.5.4",
        "contentHash": "zteT+G8xuGu6mS+mzDzYXbzS7rd3K6Fjb9RiZlYlJPam2/hU7JCBZBVEcywNuR+oZ1ncTvc/cq0faRr3P01OVg=="
      },
      "System.ValueTuple": {
        "type": "Direct",
        "requested": "[4.5.0, 4.5.0]",
        "resolved": "4.5.0",
        "contentHash": "okurQJO6NRE/apDIP23ajJ0hpiNmJ+f0BwOlB/cSqTLQlw5upkf+5+96+iG2Jw40G1fCVCyPz/FhIABUjMR+RQ=="
      }
    }
  }
}